
Microsoft Visual Studio Solution File, Format Version 12.00
# Visual Studio Version 17
VisualStudioVersion = 17.8.34330.188
MinimumVisualStudioVersion = 10.0.40219.1
Project("{9A19103F-16F7-4668-BE54-9A1E7A4F7556}") = "Entities", "Entities\Entities.csproj", "{B3BCE9CC-2170-4342-B168-B8C74262FBC6}"
EndProject
Project("{2150E333-8FDC-42A3-9474-1A3956D46DE8}") = "Application", "Application", "{82CBD235-05BA-46F2-AB43-869699A07BA5}"
EndProject
Project("{2150E333-8FDC-42A3-9474-1A3956D46DE8}") = "Domain", "Domain", "{480B526B-78FB-4BB1-83B1-1043F35ACF56}"
EndProject
Project("{2150E333-8FDC-42A3-9474-1A3956D46DE8}") = "Infra", "Infra", "{B7E3A538-DA22-4D64-8F68-F2D847E22F72}"
EndProject
Project("{2150E333-8FDC-42A3-9474-1A3956D46DE8}") = "Entity", "Entity", "{C3AA732F-D975-459D-8282-E31D06B2473C}"
EndProject
Project("{2150E333-8FDC-42A3-9474-1A3956D46DE8}") = "Helpers", "Helpers", "{921AB34C-0744-43C2-B0CD-9593651C7254}"
EndProject
Project("{FAE04EC0-301F-11D3-BF4B-00C04F79EFBC}") = "Helpers", "Helpers\Helpers.csproj", "{358D84AC-835D-40D1-BAF5-8C01247D494D}"
EndProject
Project("{FAE04EC0-301F-11D3-BF4B-00C04F79EFBC}") = "Infra", "Infra\Infra.csproj", "{11AD46A6-428A-4476-AAA5-2DADDDD37635}"
EndProject
Project("{FAE04EC0-301F-11D3-BF4B-00C04F79EFBC}") = "Domain", "Domain\Domain.csproj", "{9E6EF537-FA85-4529-8A4A-2FB277B1419E}"
EndProject
Project("{FAE04EC0-301F-11D3-BF4B-00C04F79EFBC}") = "WebApi", "WebApi\WebApi.csproj", "{632E4B25-D5B2-4EFF-BA62-BE01F0581AD8}"
EndProject
Global
	GlobalSection(SolutionConfigurationPlatforms) = preSolution
		Debug|Any CPU = Debug|Any CPU
		Release|Any CPU = Release|Any CPU
	EndGlobalSection
	GlobalSection(ProjectConfigurationPlatforms) = postSolution
		{B3BCE9CC-2170-4342-B168-B8C74262FBC6}.Debug|Any CPU.ActiveCfg = Debug|Any CPU
		{B3BCE9CC-2170-4342-B168-B8C74262FBC6}.Debug|Any CPU.Build.0 = Debug|Any CPU
		{B3BCE9CC-2170-4342-B168-B8C74262FBC6}.Release|Any CPU.ActiveCfg = Release|Any CPU
		{B3BCE9CC-2170-4342-B168-B8C74262FBC6}.Release|Any CPU.Build.0 = Release|Any CPU
		{358D84AC-835D-40D1-BAF5-8C01247D494D}.Debug|Any CPU.ActiveCfg = Debug|Any CPU
		{358D84AC-835D-40D1-BAF5-8C01247D494D}.Debug|Any CPU.Build.0 = Debug|Any CPU
		{358D84AC-835D-40D1-BAF5-8C01247D494D}.Release|Any CPU.ActiveCfg = Release|Any CPU
		{358D84AC-835D-40D1-BAF5-8C01247D494D}.Release|Any CPU.Build.0 = Release|Any CPU
		{11AD46A6-428A-4476-AAA5-2DADDDD37635}.Debug|Any CPU.ActiveCfg = Debug|Any CPU
		{11AD46A6-428A-4476-AAA5-2DADDDD37635}.Debug|Any CPU.Build.0 = Debug|Any CPU
		{11AD46A6-428A-4476-AAA5-2DADDDD37635}.Release|Any CPU.ActiveCfg = Release|Any CPU
		{11AD46A6-428A-4476-AAA5-2DADDDD37635}.Release|Any CPU.Build.0 = Release|Any CPU
		{9E6EF537-FA85-4529-8A4A-2FB277B1419E}.Debug|Any CPU.ActiveCfg = Debug|Any CPU
		{9E6EF537-FA85-4529-8A4A-2FB277B1419E}.Debug|Any CPU.Build.0 = Debug|Any CPU
		{9E6EF537-FA85-4529-8A4A-2FB277B1419E}.Release|Any CPU.ActiveCfg = Release|Any CPU
		{9E6EF537-FA85-4529-8A4A-2FB277B1419E}.Release|Any CPU.Build.0 = Release|Any CPU
		{632E4B25-D5B2-4EFF-BA62-BE01F0581AD8}.Debug|Any CPU.ActiveCfg = Debug|Any CPU
		{632E4B25-D5B2-4EFF-BA62-BE01F0581AD8}.Debug|Any CPU.Build.0 = Debug|Any CPU
		{632E4B25-D5B2-4EFF-BA62-BE01F0581AD8}.Release|Any CPU.ActiveCfg = Release|Any CPU
		{632E4B25-D5B2-4EFF-BA62-BE01F0581AD8}.Release|Any CPU.Build.0 = Release|Any CPU
	EndGlobalSection
	GlobalSection(SolutionProperties) = preSolution
		HideSolutionNode = FALSE
	EndGlobalSection
	GlobalSection(NestedProjects) = preSolution
		{B3BCE9CC-2170-4342-B168-B8C74262FBC6} = {C3AA732F-D975-459D-8282-E31D06B2473C}
		{358D84AC-835D-40D1-BAF5-8C01247D494D} = {921AB34C-0744-43C2-B0CD-9593651C7254}
		{11AD46A6-428A-4476-AAA5-2DADDDD37635} = {B7E3A538-DA22-4D64-8F68-F2D847E22F72}
		{9E6EF537-FA85-4529-8A4A-2FB277B1419E} = {480B526B-78FB-4BB1-83B1-1043F35ACF56}
		{632E4B25-D5B2-4EFF-BA62-BE01F0581AD8} = {82CBD235-05BA-46F2-AB43-869699A07BA5}
	EndGlobalSection
	GlobalSection(ExtensibilityGlobals) = postSolution
		SolutionGuid = {4A8B9C91-C926-4CFB-917D-EC88A44C7BF4}
	EndGlobalSection
EndGlobal
